<?xml version="1.0" encoding="utf-8"?>
<Project ToolsVersion="4.0" xmlns="http://schemas.microsoft.com/developer/msbuild/2003">
  <ItemGroup>
    <Filter Include="Source Files">
      <UniqueIdentifier>{4FC737F1-C7A5-4376-A066-2A32D752A2FF}</UniqueIdentifier>
      <Extensions>cpp;c;cc;cxx;def;odl;idl;hpj;bat;asm;asmx</Extensions>
    </Filter>
    <Filter Include="Header Files">
      <UniqueIdentifier>{93995380-89BD-4b04-88EB-625FBE52EBFB}</UniqueIdentifier>
      <Extensions>h;hh;hpp;hxx;hm;inl;inc;ipp;xsd</Extensions>
    </Filter>
    <Filter Include="Resource Files">
      <UniqueIdentifier>{67DA6AB6-F800-4c08-8B7A-83BB121AAD01}</UniqueIdentifier>
      <Extensions>rc;ico;cur;bmp;dlg;rc2;rct;bin;rgs;gif;jpg;jpeg;jpe;resx;tiff;tif;png;wav;mfcribbon-ms</Extensions>
    </Filter>
    <Filter Include="Box2D">
      <UniqueIdentifier>{0e1ccf09-01cd-44d6-acb4-f7282db872ae}</UniqueIdentifier>
    </Filter>
  </ItemGroup>
  <ItemGroup>
    <ClCompile Include="src\game.cpp">
      <Filter>Source Files</Filter>
    </ClCompile>
    <ClCompile Include="src\LevelLoader.cpp">
      <Filter>Source Files</Filter>
    </ClCompile>
    <ClCompile Include="src\main.cpp">
      <Filter>Source Files</Filter>
    </ClCompile>
    <ClCompile Include="src\Platform.cpp">
      <Filter>Source Files</Filter>
    </ClCompile>
    <ClCompile Include="src\MainMenu.cpp">
      <Filter>Source Files</Filter>
    </ClCompile>
    <ClCompile Include="src\UiLibrary.cpp">
      <Filter>Source Files</Filter>
    </ClCompile>
    <ClCompile Include="src\b2GLDraw.cpp">
      <Filter>Source Files</Filter>
    </ClCompile>
    <ClCompile Include="src\Player.cpp">
      <Filter>Source Files</Filter>
    </ClCompile>
    <ClCompile Include="Box2D\Collision\Shapes\b2ChainShape.cpp">
      <Filter>Source Files</Filter>
    </ClCompile>
    <ClCompile Include="Box2D\Collision\Shapes\b2CircleShape.cpp">
      <Filter>Source Files</Filter>
    </ClCompile>
    <ClCompile Include="Box2D\Collision\Shapes\b2EdgeShape.cpp">
      <Filter>Source Files</Filter>
    </ClCompile>
    <ClCompile Include="Box2D\Collision\Shapes\b2PolygonShape.cpp">
      <Filter>Source Files</Filter>
    </ClCompile>
    <ClCompile Include="Box2D\Collision\b2BroadPhase.cpp">
      <Filter>Source Files</Filter>
    </ClCompile>
    <ClCompile Include="Box2D\Collision\b2CollideCircle.cpp">
      <Filter>Source Files</Filter>
    </ClCompile>
    <ClCompile Include="Box2D\Collision\b2CollideEdge.cpp">
      <Filter>Source Files</Filter>
    </ClCompile>
    <ClCompile Include="Box2D\Collision\b2CollidePolygon.cpp">
      <Filter>Source Files</Filter>
    </ClCompile>
    <ClCompile Include="Box2D\Collision\b2Collision.cpp">
      <Filter>Source Files</Filter>
    </ClCompile>
    <ClCompile Include="Box2D\Collision\b2Distance.cpp">
      <Filter>Source Files</Filter>
    </ClCompile>
    <ClCompile Include="Box2D\Collision\b2DynamicTree.cpp">
      <Filter>Source Files</Filter>
    </ClCompile>
    <ClCompile Include="Box2D\Collision\b2TimeOfImpact.cpp">
      <Filter>Source Files</Filter>
    </ClCompile>
    <ClCompile Include="Box2D\Common\b2BlockAllocator.cpp">
      <Filter>Source Files</Filter>
    </ClCompile>
    <ClCompile Include="Box2D\Common\b2Draw.cpp">
      <Filter>Source Files</Filter>
    </ClCompile>
    <ClCompile Include="Box2D\Common\b2Math.cpp">
      <Filter>Source Files</Filter>
    </ClCompile>
    <ClCompile Include="Box2D\Common\b2Settings.cpp">
      <Filter>Source Files</Filter>
    </ClCompile>
    <ClCompile Include="Box2D\Common\b2StackAllocator.cpp">
      <Filter>Source Files</Filter>
    </ClCompile>
    <ClCompile Include="Box2D\Common\b2Timer.cpp">
      <Filter>Source Files</Filter>
    </ClCompile>
    <ClCompile Include="Box2D\Dynamics\Contacts\b2ChainAndCircleContact.cpp">
      <Filter>Source Files</Filter>
    </ClCompile>
    <ClCompile Include="Box2D\Dynamics\Contacts\b2ChainAndPolygonContact.cpp">
      <Filter>Source Files</Filter>
    </ClCompile>
    <ClCompile Include="Box2D\Dynamics\Contacts\b2CircleContact.cpp">
      <Filter>Source Files</Filter>
    </ClCompile>
    <ClCompile Include="Box2D\Dynamics\Contacts\b2Contact.cpp">
      <Filter>Source Files</Filter>
    </ClCompile>
    <ClCompile Include="Box2D\Dynamics\Contacts\b2ContactSolver.cpp">
      <Filter>Source Files</Filter>
    </ClCompile>
    <ClCompile Include="Box2D\Dynamics\Contacts\b2EdgeAndCircleContact.cpp">
      <Filter>Source Files</Filter>
    </ClCompile>
    <ClCompile Include="Box2D\Dynamics\Contacts\b2EdgeAndPolygonContact.cpp">
      <Filter>Source Files</Filter>
    </ClCompile>
    <ClCompile Include="Box2D\Dynamics\Contacts\b2PolygonAndCircleContact.cpp">
      <Filter>Source Files</Filter>
    </ClCompile>
    <ClCompile Include="Box2D\Dynamics\Contacts\b2PolygonContact.cpp">
      <Filter>Source Files</Filter>
    </ClCompile>
    <ClCompile Include="Box2D\Dynamics\Joints\b2DistanceJoint.cpp">
      <Filter>Source Files</Filter>
    </ClCompile>
    <ClCompile Include="Box2D\Dynamics\Joints\b2FrictionJoint.cpp">
      <Filter>Source Files</Filter>
    </ClCompile>
    <ClCompile Include="Box2D\Dynamics\Joints\b2GearJoint.cpp">
      <Filter>Source Files</Filter>
    </ClCompile>
    <ClCompile Include="Box2D\Dynamics\Joints\b2Joint.cpp">
      <Filter>Source Files</Filter>
    </ClCompile>
    <ClCompile Include="Box2D\Dynamics\Joints\b2MotorJoint.cpp">
      <Filter>Source Files</Filter>
    </ClCompile>
    <ClCompile Include="Box2D\Dynamics\Joints\b2MouseJoint.cpp">
      <Filter>Source Files</Filter>
    </ClCompile>
    <ClCompile Include="Box2D\Dynamics\Joints\b2PrismaticJoint.cpp">
      <Filter>Source Files</Filter>
    </ClCompile>
    <ClCompile Include="Box2D\Dynamics\Joints\b2PulleyJoint.cpp">
      <Filter>Source Files</Filter>
    </ClCompile>
    <ClCompile Include="Box2D\Dynamics\Joints\b2RevoluteJoint.cpp">
      <Filter>Source Files</Filter>
    </ClCompile>
    <ClCompile Include="Box2D\Dynamics\Joints\b2RopeJoint.cpp">
      <Filter>Source Files</Filter>
    </ClCompile>
    <ClCompile Include="Box2D\Dynamics\Joints\b2WeldJoint.cpp">
      <Filter>Source Files</Filter>
    </ClCompile>
    <ClCompile Include="Box2D\Dynamics\Joints\b2WheelJoint.cpp">
      <Filter>Source Files</Filter>
    </ClCompile>
    <ClCompile Include="Box2D\Dynamics\b2Body.cpp">
      <Filter>Source Files</Filter>
    </ClCompile>
    <ClCompile Include="Box2D\Dynamics\b2ContactManager.cpp">
      <Filter>Source Files</Filter>
    </ClCompile>
    <ClCompile Include="Box2D\Dynamics\b2Fixture.cpp">
      <Filter>Source Files</Filter>
    </ClCompile>
    <ClCompile Include="Box2D\Dynamics\b2Island.cpp">
      <Filter>Source Files</Filter>
    </ClCompile>
    <ClCompile Include="Box2D\Dynamics\b2World.cpp">
      <Filter>Source Files</Filter>
    </ClCompile>
    <ClCompile Include="Box2D\Dynamics\b2WorldCallbacks.cpp">
      <Filter>Source Files</Filter>
    </ClCompile>
    <ClCompile Include="Box2D\Rope\b2Rope.cpp">
      <Filter>Source Files</Filter>
    </ClCompile>
    <ClCompile Include="src\Ground.cpp">
      <Filter>Source Files</Filter>
    </ClCompile>
    <ClCompile Include="src\HighScoreScreen.cpp">
      <Filter>Source Files</Filter>
    </ClCompile>
    <ClCompile Include="src\HelpScreen.cpp">
      <Filter>Source Files</Filter>
    </ClCompile>
    <ClCompile Include="src\OptionScreen.cpp">
      <Filter>Source Files</Filter>
    </ClCompile>
    <ClCompile Include="src\SwingingTrap.cpp">
      <Filter>Source Files</Filter>
    </ClCompile>
    <ClCompile Include="src\myListener.cpp">
      <Filter>Source Files</Filter>
    </ClCompile>
    <ClCompile Include="src\PitfallTrap.cpp">
      <Filter>Source Files</Filter>
    </ClCompile>
    <ClCompile Include="src\ParticleSystem.cpp">
      <Filter>Source Files</Filter>
    </ClCompile>
    <ClCompile Include="src\VerticalWalls.cpp">
      <Filter>Source Files</Filter>
    </ClCompile>
    <ClCompile Include="src\PendulumConnection.cpp">
      <Filter>Source Files</Filter>
    </ClCompile>
    <ClCompile Include="src\Boundary.cpp">
      <Filter>Source Files</Filter>
    </ClCompile>
    <ClCompile Include="src\TutorialManager.cpp">
      <Filter>Source Files</Filter>
    </ClCompile>
    <ClCompile Include="src\EndGoalParticle.cpp">
      <Filter>Source Files</Filter>
    </ClCompile>
    <ClCompile Include="src\Clouds.cpp">
      <Filter>Source Files</Filter>
    </ClCompile>
    <ClCompile Include="src\DashParticle.cpp">
      <Filter>Source Files</Filter>
    </ClCompile>
    <ClCompile Include="src\MusicManager.cpp">
      <Filter>Source Files</Filter>
    </ClCompile>
    <ClCompile Include="src\LevelSelectScreen.cpp">
      <Filter>Source Files</Filter>
    </ClCompile>
    <ClCompile Include="src\PickUps.cpp">
      <Filter>Source Files</Filter>
    </ClCompile>
  </ItemGroup>
  <ItemGroup>
    <ClInclude Include="include\game.h">
      <Filter>Header Files</Filter>
    </ClInclude>
    <ClInclude Include="include\LevelLoader.h">
      <Filter>Header Files</Filter>
    </ClInclude>
    <ClInclude Include="include\MainMenu.h">
      <Filter>Header Files</Filter>
    </ClInclude>
    <ClInclude Include="include\Platform.h">
      <Filter>Header Files</Filter>
    </ClInclude>
    <ClInclude Include="include\UiLibrary.h">
      <Filter>Header Files</Filter>
    </ClInclude>
    <ClInclude Include="include\glext.h">
      <Filter>Header Files</Filter>
    </ClInclude>
    <ClInclude Include="include\Player.h">
      <Filter>Header Files</Filter>
    </ClInclude>
    <ClInclude Include="include\b2GLDraw.h">
      <Filter>Header Files</Filter>
    </ClInclude>
    <ClInclude Include="Box2D\Box2D.h">
      <Filter>Header Files</Filter>
    </ClInclude>
    <ClInclude Include="Box2D\Collision\Shapes\b2ChainShape.h">
      <Filter>Header Files</Filter>
    </ClInclude>
    <ClInclude Include="Box2D\Collision\Shapes\b2CircleShape.h">
      <Filter>Header Files</Filter>
    </ClInclude>
    <ClInclude Include="Box2D\Collision\Shapes\b2EdgeShape.h">
      <Filter>Header Files</Filter>
    </ClInclude>
    <ClInclude Include="Box2D\Collision\Shapes\b2PolygonShape.h">
      <Filter>Header Files</Filter>
    </ClInclude>
    <ClInclude Include="Box2D\Collision\Shapes\b2Shape.h">
      <Filter>Header Files</Filter>
    </ClInclude>
    <ClInclude Include="Box2D\Collision\b2BroadPhase.h">
      <Filter>Header Files</Filter>
    </ClInclude>
    <ClInclude Include="Box2D\Collision\b2Collision.h">
      <Filter>Header Files</Filter>
    </ClInclude>
    <ClInclude Include="Box2D\Collision\b2Distance.h">
      <Filter>Header Files</Filter>
    </ClInclude>
    <ClInclude Include="Box2D\Collision\b2DynamicTree.h">
      <Filter>Header Files</Filter>
    </ClInclude>
    <ClInclude Include="Box2D\Collision\b2TimeOfImpact.h">
      <Filter>Header Files</Filter>
    </ClInclude>
    <ClInclude Include="Box2D\Common\b2BlockAllocator.h">
      <Filter>Header Files</Filter>
    </ClInclude>
    <ClInclude Include="Box2D\Common\b2Draw.h">
      <Filter>Header Files</Filter>
    </ClInclude>
    <ClInclude Include="Box2D\Common\b2GrowableStack.h">
      <Filter>Header Files</Filter>
    </ClInclude>
    <ClInclude Include="Box2D\Common\b2Math.h">
      <Filter>Header Files</Filter>
    </ClInclude>
    <ClInclude Include="Box2D\Common\b2Settings.h">
      <Filter>Header Files</Filter>
    </ClInclude>
    <ClInclude Include="Box2D\Common\b2StackAllocator.h">
      <Filter>Header Files</Filter>
    </ClInclude>
    <ClInclude Include="Box2D\Common\b2Timer.h">
      <Filter>Header Files</Filter>
    </ClInclude>
    <ClInclude Include="Box2D\Dynamics\Contacts\b2ChainAndCircleContact.h">
      <Filter>Header Files</Filter>
    </ClInclude>
    <ClInclude Include="Box2D\Dynamics\Contacts\b2ChainAndPolygonContact.h">
      <Filter>Header Files</Filter>
    </ClInclude>
    <ClInclude Include="Box2D\Dynamics\Contacts\b2CircleContact.h">
      <Filter>Header Files</Filter>
    </ClInclude>
    <ClInclude Include="Box2D\Dynamics\Contacts\b2Contact.h">
      <Filter>Header Files</Filter>
    </ClInclude>
    <ClInclude Include="Box2D\Dynamics\Contacts\b2ContactSolver.h">
      <Filter>Header Files</Filter>
    </ClInclude>
    <ClInclude Include="Box2D\Dynamics\Contacts\b2EdgeAndCircleContact.h">
      <Filter>Header Files</Filter>
    </ClInclude>
    <ClInclude Include="Box2D\Dynamics\Contacts\b2EdgeAndPolygonContact.h">
      <Filter>Header Files</Filter>
    </ClInclude>
    <ClInclude Include="Box2D\Dynamics\Contacts\b2PolygonAndCircleContact.h">
      <Filter>Header Files</Filter>
    </ClInclude>
    <ClInclude Include="Box2D\Dynamics\Contacts\b2PolygonContact.h">
      <Filter>Header Files</Filter>
    </ClInclude>
    <ClInclude Include="Box2D\Dynamics\Joints\b2DistanceJoint.h">
      <Filter>Header Files</Filter>
    </ClInclude>
    <ClInclude Include="Box2D\Dynamics\Joints\b2FrictionJoint.h">
      <Filter>Header Files</Filter>
    </ClInclude>
    <ClInclude Include="Box2D\Dynamics\Joints\b2GearJoint.h">
      <Filter>Header Files</Filter>
    </ClInclude>
    <ClInclude Include="Box2D\Dynamics\Joints\b2Joint.h">
      <Filter>Header Files</Filter>
    </ClInclude>
    <ClInclude Include="Box2D\Dynamics\Joints\b2MotorJoint.h">
      <Filter>Header Files</Filter>
    </ClInclude>
    <ClInclude Include="Box2D\Dynamics\Joints\b2MouseJoint.h">
      <Filter>Header Files</Filter>
    </ClInclude>
    <ClInclude Include="Box2D\Dynamics\Joints\b2PrismaticJoint.h">
      <Filter>Header Files</Filter>
    </ClInclude>
    <ClInclude Include="Box2D\Dynamics\Joints\b2PulleyJoint.h">
      <Filter>Header Files</Filter>
    </ClInclude>
    <ClInclude Include="Box2D\Dynamics\Joints\b2RevoluteJoint.h">
      <Filter>Header Files</Filter>
    </ClInclude>
    <ClInclude Include="Box2D\Dynamics\Joints\b2RopeJoint.h">
      <Filter>Header Files</Filter>
    </ClInclude>
    <ClInclude Include="Box2D\Dynamics\Joints\b2WeldJoint.h">
      <Filter>Header Files</Filter>
    </ClInclude>
    <ClInclude Include="Box2D\Dynamics\Joints\b2WheelJoint.h">
      <Filter>Header Files</Filter>
    </ClInclude>
    <ClInclude Include="Box2D\Dynamics\b2Body.h">
      <Filter>Header Files</Filter>
    </ClInclude>
    <ClInclude Include="Box2D\Dynamics\b2ContactManager.h">
      <Filter>Header Files</Filter>
    </ClInclude>
    <ClInclude Include="Box2D\Dynamics\b2Fixture.h">
      <Filter>Header Files</Filter>
    </ClInclude>
    <ClInclude Include="Box2D\Dynamics\b2Island.h">
      <Filter>Header Files</Filter>
    </ClInclude>
    <ClInclude Include="Box2D\Dynamics\b2TimeStep.h">
      <Filter>Header Files</Filter>
    </ClInclude>
    <ClInclude Include="Box2D\Dynamics\b2World.h">
      <Filter>Header Files</Filter>
    </ClInclude>
    <ClInclude Include="Box2D\Dynamics\b2WorldCallbacks.h">
      <Filter>Header Files</Filter>
    </ClInclude>
    <ClInclude Include="Box2D\Rope\b2Rope.h">
      <Filter>Header Files</Filter>
    </ClInclude>
    <ClInclude Include="include\Ground.h">
      <Filter>Header Files</Filter>
    </ClInclude>
    <ClInclude Include="include\Global.h">
      <Filter>Header Files</Filter>
    </ClInclude>
    <ClInclude Include="include\HighScoreScreen.h">
      <Filter>Header Files</Filter>
    </ClInclude>
    <ClInclude Include="include\HelpScreen.h">
      <Filter>Header Files</Filter>
    </ClInclude>
    <ClInclude Include="include\OptionScreen.h">
      <Filter>Header Files</Filter>
    </ClInclude>
    <ClInclude Include="include\SwingingTrap.h">
      <Filter>Header Files</Filter>
    </ClInclude>
    <ClInclude Include="include\myListener.h">
      <Filter>Header Files</Filter>
    </ClInclude>
    <ClInclude Include="include\PitfallTrap.h">
      <Filter>Header Files</Filter>
    </ClInclude>
    <ClInclude Include="include\ParticleSystem.h">
      <Filter>Header Files</Filter>
    </ClInclude>
    <ClInclude Include="yaml-cpp\contrib\anchordict.h">
      <Filter>Header Files</Filter>
    </ClInclude>
    <ClInclude Include="yaml-cpp\contrib\graphbuilder.h">
      <Filter>Header Files</Filter>
    </ClInclude>
    <ClInclude Include="yaml-cpp\node\detail\bool_type.h">
      <Filter>Header Files</Filter>
    </ClInclude>
    <ClInclude Include="yaml-cpp\node\detail\impl.h">
      <Filter>Header Files</Filter>
    </ClInclude>
    <ClInclude Include="yaml-cpp\node\detail\iterator.h">
      <Filter>Header Files</Filter>
    </ClInclude>
    <ClInclude Include="yaml-cpp\node\detail\iterator_fwd.h">
      <Filter>Header Files</Filter>
    </ClInclude>
    <ClInclude Include="yaml-cpp\node\detail\memory.h">
      <Filter>Header Files</Filter>
    </ClInclude>
    <ClInclude Include="yaml-cpp\node\detail\node.h">
      <Filter>Header Files</Filter>
    </ClInclude>
    <ClInclude Include="yaml-cpp\node\detail\node_data.h">
      <Filter>Header Files</Filter>
    </ClInclude>
    <ClInclude Include="yaml-cpp\node\detail\node_iterator.h">
      <Filter>Header Files</Filter>
    </ClInclude>
    <ClInclude Include="yaml-cpp\node\detail\node_ref.h">
      <Filter>Header Files</Filter>
    </ClInclude>
    <ClInclude Include="yaml-cpp\node\convert.h">
      <Filter>Header Files</Filter>
    </ClInclude>
    <ClInclude Include="yaml-cpp\node\emit.h">
      <Filter>Header Files</Filter>
    </ClInclude>
    <ClInclude Include="yaml-cpp\node\impl.h">
      <Filter>Header Files</Filter>
    </ClInclude>
    <ClInclude Include="yaml-cpp\node\iterator.h">
      <Filter>Header Files</Filter>
    </ClInclude>
    <ClInclude Include="yaml-cpp\node\node.h">
      <Filter>Header Files</Filter>
    </ClInclude>
    <ClInclude Include="yaml-cpp\node\parse.h">
      <Filter>Header Files</Filter>
    </ClInclude>
    <ClInclude Include="yaml-cpp\node\ptr.h">
      <Filter>Header Files</Filter>
    </ClInclude>
    <ClInclude Include="yaml-cpp\node\type.h">
      <Filter>Header Files</Filter>
    </ClInclude>
    <ClInclude Include="yaml-cpp\anchor.h">
      <Filter>Header Files</Filter>
    </ClInclude>
    <ClInclude Include="yaml-cpp\binary.h">
      <Filter>Header Files</Filter>
    </ClInclude>
    <ClInclude Include="yaml-cpp\dll.h">
      <Filter>Header Files</Filter>
    </ClInclude>
    <ClInclude Include="yaml-cpp\emitfromevents.h">
      <Filter>Header Files</Filter>
    </ClInclude>
    <ClInclude Include="yaml-cpp\emitter.h">
      <Filter>Header Files</Filter>
    </ClInclude>
    <ClInclude Include="yaml-cpp\emitterdef.h">
      <Filter>Header Files</Filter>
    </ClInclude>
    <ClInclude Include="yaml-cpp\emittermanip.h">
      <Filter>Header Files</Filter>
    </ClInclude>
    <ClInclude Include="yaml-cpp\emitterstyle.h">
      <Filter>Header Files</Filter>
    </ClInclude>
    <ClInclude Include="yaml-cpp\eventhandler.h">
      <Filter>Header Files</Filter>
    </ClInclude>
    <ClInclude Include="yaml-cpp\exceptions.h">
      <Filter>Header Files</Filter>
    </ClInclude>
    <ClInclude Include="yaml-cpp\mark.h">
      <Filter>Header Files</Filter>
    </ClInclude>
    <ClInclude Include="yaml-cpp\noncopyable.h">
      <Filter>Header Files</Filter>
    </ClInclude>
    <ClInclude Include="yaml-cpp\null.h">
      <Filter>Header Files</Filter>
    </ClInclude>
    <ClInclude Include="yaml-cpp\ostream_wrapper.h">
      <Filter>Header Files</Filter>
    </ClInclude>
    <ClInclude Include="yaml-cpp\parser.h">
      <Filter>Header Files</Filter>
    </ClInclude>
    <ClInclude Include="yaml-cpp\stlemitter.h">
      <Filter>Header Files</Filter>
    </ClInclude>
    <ClInclude Include="yaml-cpp\traits.h">
      <Filter>Header Files</Filter>
    </ClInclude>
    <ClInclude Include="yaml-cpp\yaml.h">
      <Filter>Header Files</Filter>
    </ClInclude>
    <ClInclude Include="include\VerticalWalls.h">
      <Filter>Header Files</Filter>
    </ClInclude>
    <ClInclude Include="include\PendulumConnection.h">
      <Filter>Header Files</Filter>
    </ClInclude>
    <ClInclude Include="include\Boundary.h">
      <Filter>Header Files</Filter>
    </ClInclude>
    <ClInclude Include="include\Clouds.h">
      <Filter>Header Files</Filter>
    </ClInclude>
    <ClInclude Include="include\TutorialManager.h">
      <Filter>Header Files</Filter>
    </ClInclude>
    <ClInclude Include="include\EndGoalParticle.h">
      <Filter>Header Files</Filter>
    </ClInclude>
    <ClInclude Include="include\DashParticle.h">
      <Filter>Header Files</Filter>
    </ClInclude>
    <ClInclude Include="include\MusicManager.h">
      <Filter>Header Files</Filter>
    </ClInclude>
    <ClInclude Include="include\LevelSelectScreen.h">
      <Filter>Header Files</Filter>
    </ClInclude>
    <ClInclude Include="include\PickUps.h">
      <Filter>Header Files</Filter>
    </ClInclude>
  </ItemGroup>
  <ItemGroup>
    <None Include="ASSETS\YAML\Level1.yaml">
      <Filter>Resource Files</Filter>
    </None>
    <None Include="thor.dll" />
    <None Include="thor-d.dll" />
    <None Include="ASSETS\YAML\Level2.yaml">
      <Filter>Resource Files</Filter>
    </None>
  </ItemGroup>
</Project>